{
  "pins" : [
    {
      "identity" : "swiftled",
      "kind" : "remoteSourceControl",
      "location" : "https://github.com/michaelj103/SwiftLED.git",
      "state" : {
        "revision" : "e0b7da94e0fa85e314965d8164fb6b290a254123",
        "version" : "0.1.0"
      }
    },
    {
      "identity" : "tetrominocore",
      "kind" : "remoteSourceControl",
      "location" : "https://github.com/michaelj103/TetrominoCore.git",
      "state" : {
        "branch" : "infinitetris",
        "revision" : "533f1652200e4edbef785c2e7970b3ae676ae63d"
      }
    }
  ],
  "version" : 2
}
