{
  "pins" : [
    {
      "identity" : "tetrominocore",
      "kind" : "remoteSourceControl",
      "location" : "https://github.com/michaelj103/TetrominoCore.git",
      "state" : {
        "branch" : "infinitetris",
        "revision" : "8d79355ba899cec56466f16a236a5e3601bdad78"
      }
    }
  ],
  "version" : 2
}
