{
  "pins" : [
    {
      "identity" : "swiftled",
      "kind" : "remoteSourceControl",
      "location" : "https://github.com/michaelj103/SwiftLED.git",
      "state" : {
        "revision" : "905fa50b34f2d819f24780c305b40596a0eead73",
        "version" : "0.2.0"
      }
    },
    {
      "identity" : "tetrominocore",
      "kind" : "remoteSourceControl",
      "location" : "https://github.com/michaelj103/TetrominoCore.git",
      "state" : {
        "branch" : "infinitetris",
        "revision" : "533f1652200e4edbef785c2e7970b3ae676ae63d"
      }
    }
  ],
  "version" : 2
}
